
Microsoft Visual Studio Solution File, Format Version 12.00
# Visual Studio Version 17
VisualStudioVersion = 17.0.32014.148
MinimumVisualStudioVersion = 10.0.40219.1
Project("{FAE04EC0-301F-11D3-BF4B-00C04F79EFBC}") = "Tweet.API", "Tweet.API\Tweet.API.csproj", "{5923FE31-DC0D-45B5-8789-5E4FB934853A}"
EndProject
Global
	GlobalSection(SolutionConfigurationPlatforms) = preSolution
		Debug|Any CPU = Debug|Any CPU
		Release|Any CPU = Release|Any CPU
	EndGlobalSection
	GlobalSection(ProjectConfigurationPlatforms) = postSolution
		{5923FE31-DC0D-45B5-8789-5E4FB934853A}.Debug|Any CPU.ActiveCfg = Debug|Any CPU
		{5923FE31-DC0D-45B5-8789-5E4FB934853A}.Debug|Any CPU.Build.0 = Debug|Any CPU
		{5923FE31-DC0D-45B5-8789-5E4FB934853A}.Release|Any CPU.ActiveCfg = Release|Any CPU
		{5923FE31-DC0D-45B5-8789-5E4FB934853A}.Release|Any CPU.Build.0 = Release|Any CPU
	EndGlobalSection
	GlobalSection(SolutionProperties) = preSolution
		HideSolutionNode = FALSE
	EndGlobalSection
	GlobalSection(ExtensibilityGlobals) = postSolution
		SolutionGuid = {AC03FD64-367F-4F60-96F1-E74A05540326}
	EndGlobalSection
EndGlobal
